{
  "requires": true,
  "lockfileVersion": 1,
  "dependencies": {
    "most-stupid-package-ever": {
      "version": "1.0.0",
      "resolved": "https://registry.npmjs.org/most-stupid-package-ever/-/most-stupid-package-ever-1.0.0.tgz",
      "integrity": "sha512-BIhGvADZbpT+T7j2Ls06LfVZG7Og7xVCF62YYkW9NSCp4glD1p3xIShINX1u8TFGckH28jsPYNsxPJ8PFZsQeA=="
    }
  }
}
